// !$*UTF8*$!
{
	archiveVersion = 1;
	classes = {
	};
	objectVersion = 50;
	objects = {

/* Begin PBXBuildFile section */
		10082B28227D539D002C8D56 /* BusinessMapViewController.swift in Sources */ = {isa = PBXBuildFile; fileRef = 10082B27227D539D002C8D56 /* BusinessMapViewController.swift */; };
		10082B2A227D5E5D002C8D56 /* Extensions.swift in Sources */ = {isa = PBXBuildFile; fileRef = 10082B29227D5E5D002C8D56 /* Extensions.swift */; };
		10082B2E227E187E002C8D56 /* Enums.swift in Sources */ = {isa = PBXBuildFile; fileRef = 10082B2D227E187E002C8D56 /* Enums.swift */; };
		7B8E4E47227D42CA001F9C2F /* Business.storyboard in Resources */ = {isa = PBXBuildFile; fileRef = 7B8E4E46227D42CA001F9C2F /* Business.storyboard */; };
		7B8E4E49227D42D0001F9C2F /* Customer.storyboard in Resources */ = {isa = PBXBuildFile; fileRef = 7B8E4E48227D42D0001F9C2F /* Customer.storyboard */; };
		7B8E4E50227D4EB1001F9C2F /* BusinessOffersViewController.swift in Sources */ = {isa = PBXBuildFile; fileRef = 7B8E4E4F227D4EB1001F9C2F /* BusinessOffersViewController.swift */; };
		7B8E4E52227D501D001F9C2F /* AddEditBusinessOfferViewController.swift in Sources */ = {isa = PBXBuildFile; fileRef = 7B8E4E51227D501D001F9C2F /* AddEditBusinessOfferViewController.swift */; };
		7B8E4E54227D53DE001F9C2F /* BusinessRequestsViewController.swift in Sources */ = {isa = PBXBuildFile; fileRef = 7B8E4E53227D53DE001F9C2F /* BusinessRequestsViewController.swift */; };
		7B8E4E5A227D6167001F9C2F /* BusinessRespondToRequestViewController.swift in Sources */ = {isa = PBXBuildFile; fileRef = 7B8E4E59227D6167001F9C2F /* BusinessRespondToRequestViewController.swift */; };
		7B8E4E5C227D6182001F9C2F /* BusinessSettingsViewController.swift in Sources */ = {isa = PBXBuildFile; fileRef = 7B8E4E5B227D6182001F9C2F /* BusinessSettingsViewController.swift */; };
		7B8E4E5E227DE8C8001F9C2F /* MainViewController.swift in Sources */ = {isa = PBXBuildFile; fileRef = 7B8E4E5D227DE8C8001F9C2F /* MainViewController.swift */; };
		7B8E4E60227DE913001F9C2F /* BusinessOfferDetailViewController.swift in Sources */ = {isa = PBXBuildFile; fileRef = 7B8E4E5F227DE913001F9C2F /* BusinessOfferDetailViewController.swift */; };
		7B8E4E62227DE925001F9C2F /* AddEditBusinessRequestViewController.swift in Sources */ = {isa = PBXBuildFile; fileRef = 7B8E4E61227DE925001F9C2F /* AddEditBusinessRequestViewController.swift */; };
		A23F51F0227D2AAB00C729C7 /* AppDelegate.swift in Sources */ = {isa = PBXBuildFile; fileRef = A23F51EF227D2AAB00C729C7 /* AppDelegate.swift */; };
		A23F51F5227D2AAB00C729C7 /* Main.storyboard in Resources */ = {isa = PBXBuildFile; fileRef = A23F51F3227D2AAB00C729C7 /* Main.storyboard */; };
		A23F51F7227D2AAF00C729C7 /* Assets.xcassets in Resources */ = {isa = PBXBuildFile; fileRef = A23F51F6227D2AAF00C729C7 /* Assets.xcassets */; };
		A23F51FA227D2AAF00C729C7 /* LaunchScreen.storyboard in Resources */ = {isa = PBXBuildFile; fileRef = A23F51F8227D2AAF00C729C7 /* LaunchScreen.storyboard */; };
		A23F520B227D502400C729C7 /* Business.swift in Sources */ = {isa = PBXBuildFile; fileRef = A23F520A227D502400C729C7 /* Business.swift */; };
		A23F520D227D549000C729C7 /* BusinessLoginViewController.swift in Sources */ = {isa = PBXBuildFile; fileRef = A23F520C227D549000C729C7 /* BusinessLoginViewController.swift */; };
		A23F5211227DB33A00C729C7 /* OffersRepresentations.swift in Sources */ = {isa = PBXBuildFile; fileRef = A23F5210227DB33A00C729C7 /* OffersRepresentations.swift */; };
		A23F5213227DDC3200C729C7 /* Offer.swift in Sources */ = {isa = PBXBuildFile; fileRef = A23F5212227DDC3200C729C7 /* Offer.swift */; };
		A23F5215227DE13700C729C7 /* Request.swift in Sources */ = {isa = PBXBuildFile; fileRef = A23F5214227DE13700C729C7 /* Request.swift */; };
/* End PBXBuildFile section */

/* Begin PBXFileReference section */
		10082B27227D539D002C8D56 /* BusinessMapViewController.swift */ = {isa = PBXFileReference; lastKnownFileType = sourcecode.swift; path = BusinessMapViewController.swift; sourceTree = "<group>"; };
		10082B29227D5E5D002C8D56 /* Extensions.swift */ = {isa = PBXFileReference; lastKnownFileType = sourcecode.swift; name = Extensions.swift; path = iOSHackathon/Helper/Extensions.swift; sourceTree = "<group>"; };
		10082B2D227E187E002C8D56 /* Enums.swift */ = {isa = PBXFileReference; lastKnownFileType = sourcecode.swift; path = Enums.swift; sourceTree = "<group>"; };
		7B8E4E46227D42CA001F9C2F /* Business.storyboard */ = {isa = PBXFileReference; lastKnownFileType = file.storyboard; path = Business.storyboard; sourceTree = "<group>"; };
		7B8E4E48227D42D0001F9C2F /* Customer.storyboard */ = {isa = PBXFileReference; lastKnownFileType = file.storyboard; path = Customer.storyboard; sourceTree = "<group>"; };
		7B8E4E4F227D4EB1001F9C2F /* BusinessOffersViewController.swift */ = {isa = PBXFileReference; lastKnownFileType = sourcecode.swift; path = BusinessOffersViewController.swift; sourceTree = "<group>"; };
		7B8E4E51227D501D001F9C2F /* AddEditBusinessOfferViewController.swift */ = {isa = PBXFileReference; lastKnownFileType = sourcecode.swift; path = AddEditBusinessOfferViewController.swift; sourceTree = "<group>"; };
		7B8E4E53227D53DE001F9C2F /* BusinessRequestsViewController.swift */ = {isa = PBXFileReference; lastKnownFileType = sourcecode.swift; path = BusinessRequestsViewController.swift; sourceTree = "<group>"; };
		7B8E4E59227D6167001F9C2F /* BusinessRespondToRequestViewController.swift */ = {isa = PBXFileReference; lastKnownFileType = sourcecode.swift; path = BusinessRespondToRequestViewController.swift; sourceTree = "<group>"; };
		7B8E4E5B227D6182001F9C2F /* BusinessSettingsViewController.swift */ = {isa = PBXFileReference; lastKnownFileType = sourcecode.swift; path = BusinessSettingsViewController.swift; sourceTree = "<group>"; };
		7B8E4E5D227DE8C8001F9C2F /* MainViewController.swift */ = {isa = PBXFileReference; lastKnownFileType = sourcecode.swift; path = MainViewController.swift; sourceTree = "<group>"; };
		7B8E4E5F227DE913001F9C2F /* BusinessOfferDetailViewController.swift */ = {isa = PBXFileReference; lastKnownFileType = sourcecode.swift; path = BusinessOfferDetailViewController.swift; sourceTree = "<group>"; };
		7B8E4E61227DE925001F9C2F /* AddEditBusinessRequestViewController.swift */ = {isa = PBXFileReference; lastKnownFileType = sourcecode.swift; path = AddEditBusinessRequestViewController.swift; sourceTree = "<group>"; };
		A23F51EC227D2AAB00C729C7 /* iOSHackathon.app */ = {isa = PBXFileReference; explicitFileType = wrapper.application; includeInIndex = 0; path = iOSHackathon.app; sourceTree = BUILT_PRODUCTS_DIR; };
		A23F51EF227D2AAB00C729C7 /* AppDelegate.swift */ = {isa = PBXFileReference; lastKnownFileType = sourcecode.swift; path = AppDelegate.swift; sourceTree = "<group>"; };
		A23F51F4227D2AAB00C729C7 /* Base */ = {isa = PBXFileReference; lastKnownFileType = file.storyboard; name = Base; path = Base.lproj/Main.storyboard; sourceTree = "<group>"; };
		A23F51F6227D2AAF00C729C7 /* Assets.xcassets */ = {isa = PBXFileReference; lastKnownFileType = folder.assetcatalog; path = Assets.xcassets; sourceTree = "<group>"; };
		A23F51F9227D2AAF00C729C7 /* Base */ = {isa = PBXFileReference; lastKnownFileType = file.storyboard; name = Base; path = Base.lproj/LaunchScreen.storyboard; sourceTree = "<group>"; };
		A23F51FB227D2AAF00C729C7 /* Info.plist */ = {isa = PBXFileReference; lastKnownFileType = text.plist.xml; path = Info.plist; sourceTree = "<group>"; };
		A23F520A227D502400C729C7 /* Business.swift */ = {isa = PBXFileReference; lastKnownFileType = sourcecode.swift; path = Business.swift; sourceTree = "<group>"; };
		A23F520C227D549000C729C7 /* BusinessLoginViewController.swift */ = {isa = PBXFileReference; lastKnownFileType = sourcecode.swift; path = BusinessLoginViewController.swift; sourceTree = "<group>"; };
		A23F5210227DB33A00C729C7 /* OffersRepresentations.swift */ = {isa = PBXFileReference; lastKnownFileType = sourcecode.swift; path = OffersRepresentations.swift; sourceTree = "<group>"; };
		A23F5212227DDC3200C729C7 /* Offer.swift */ = {isa = PBXFileReference; lastKnownFileType = sourcecode.swift; path = Offer.swift; sourceTree = "<group>"; };
		A23F5214227DE13700C729C7 /* Request.swift */ = {isa = PBXFileReference; lastKnownFileType = sourcecode.swift; path = Request.swift; sourceTree = "<group>"; };
/* End PBXFileReference section */

/* Begin PBXFrameworksBuildPhase section */
		A23F51E9227D2AAB00C729C7 /* Frameworks */ = {
			isa = PBXFrameworksBuildPhase;
			buildActionMask = 2147483647;
			files = (
			);
			runOnlyForDeploymentPostprocessing = 0;
		};
/* End PBXFrameworksBuildPhase section */

/* Begin PBXGroup section */
		10082B2C227DEFC5002C8D56 /* Helpers */ = {
			isa = PBXGroup;
			children = (
				10082B29227D5E5D002C8D56 /* Extensions.swift */,
				10082B2D227E187E002C8D56 /* Enums.swift */,
			);
			name = Helpers;
			sourceTree = "<group>";
		};
		A23F51E3227D2AAB00C729C7 = {
			isa = PBXGroup;
			children = (
				A23F51EE227D2AAB00C729C7 /* iOSHackathon */,
				A23F51ED227D2AAB00C729C7 /* Products */,
				10082B2C227DEFC5002C8D56 /* Helpers */,
			);
			sourceTree = "<group>";
		};
		A23F51ED227D2AAB00C729C7 /* Products */ = {
			isa = PBXGroup;
			children = (
				A23F51EC227D2AAB00C729C7 /* iOSHackathon.app */,
			);
			name = Products;
			sourceTree = "<group>";
		};
		A23F51EE227D2AAB00C729C7 /* iOSHackathon */ = {
			isa = PBXGroup;
			children = (
				A23F5209227D500600C729C7 /* Models */,
				A23F5203227D2B0900C729C7 /* Resources */,
				A23F5201227D2ADF00C729C7 /* View Controllers */,
				A23F5202227D2AF600C729C7 /* Storboards */,
			);
			path = iOSHackathon;
			sourceTree = "<group>";
		};
		A23F5201227D2ADF00C729C7 /* View Controllers */ = {
			isa = PBXGroup;
			children = (
				7B8E4E5D227DE8C8001F9C2F /* MainViewController.swift */,
				A23F520C227D549000C729C7 /* BusinessLoginViewController.swift */,
				10082B27227D539D002C8D56 /* BusinessMapViewController.swift */,
				7B8E4E4F227D4EB1001F9C2F /* BusinessOffersViewController.swift */,
				7B8E4E51227D501D001F9C2F /* AddEditBusinessOfferViewController.swift */,
				7B8E4E5F227DE913001F9C2F /* BusinessOfferDetailViewController.swift */,
				7B8E4E53227D53DE001F9C2F /* BusinessRequestsViewController.swift */,
				7B8E4E61227DE925001F9C2F /* AddEditBusinessRequestViewController.swift */,
				7B8E4E59227D6167001F9C2F /* BusinessRespondToRequestViewController.swift */,
				7B8E4E5B227D6182001F9C2F /* BusinessSettingsViewController.swift */,
			);
			path = "View Controllers";
			sourceTree = "<group>";
		};
		A23F5202227D2AF600C729C7 /* Storboards */ = {
			isa = PBXGroup;
			children = (
				A23F51F3227D2AAB00C729C7 /* Main.storyboard */,
				7B8E4E46227D42CA001F9C2F /* Business.storyboard */,
				7B8E4E48227D42D0001F9C2F /* Customer.storyboard */,
				A23F51F8227D2AAF00C729C7 /* LaunchScreen.storyboard */,
			);
			path = Storboards;
			sourceTree = "<group>";
		};
		A23F5203227D2B0900C729C7 /* Resources */ = {
			isa = PBXGroup;
			children = (
				A23F51EF227D2AAB00C729C7 /* AppDelegate.swift */,
				A23F51F6227D2AAF00C729C7 /* Assets.xcassets */,
				A23F51FB227D2AAF00C729C7 /* Info.plist */,
			);
			path = Resources;
			sourceTree = "<group>";
		};
		A23F5209227D500600C729C7 /* Models */ = {
			isa = PBXGroup;
			children = (
				A23F520A227D502400C729C7 /* Business.swift */,
				A23F5210227DB33A00C729C7 /* OffersRepresentations.swift */,
				A23F5212227DDC3200C729C7 /* Offer.swift */,
				A23F5214227DE13700C729C7 /* Request.swift */,
			);
			path = Models;
			sourceTree = "<group>";
		};
/* End PBXGroup section */

/* Begin PBXNativeTarget section */
		A23F51EB227D2AAB00C729C7 /* iOSHackathon */ = {
			isa = PBXNativeTarget;
			buildConfigurationList = A23F51FE227D2AAF00C729C7 /* Build configuration list for PBXNativeTarget "iOSHackathon" */;
			buildPhases = (
				A23F51E8227D2AAB00C729C7 /* Sources */,
				A23F51E9227D2AAB00C729C7 /* Frameworks */,
				A23F51EA227D2AAB00C729C7 /* Resources */,
			);
			buildRules = (
			);
			dependencies = (
			);
			name = iOSHackathon;
			productName = iOSHackathon;
			productReference = A23F51EC227D2AAB00C729C7 /* iOSHackathon.app */;
			productType = "com.apple.product-type.application";
		};
/* End PBXNativeTarget section */

/* Begin PBXProject section */
		A23F51E4227D2AAB00C729C7 /* Project object */ = {
			isa = PBXProject;
			attributes = {
				LastSwiftUpdateCheck = 1020;
				LastUpgradeCheck = 1020;
				TargetAttributes = {
					A23F51EB227D2AAB00C729C7 = {
						CreatedOnToolsVersion = 10.2.1;
					};
				};
			};
			buildConfigurationList = A23F51E7227D2AAB00C729C7 /* Build configuration list for PBXProject "iOSHackathon" */;
			compatibilityVersion = "Xcode 9.3";
			developmentRegion = en;
			hasScannedForEncodings = 0;
			knownRegions = (
				en,
				Base,
			);
			mainGroup = A23F51E3227D2AAB00C729C7;
			productRefGroup = A23F51ED227D2AAB00C729C7 /* Products */;
			projectDirPath = "";
			projectRoot = "";
			targets = (
				A23F51EB227D2AAB00C729C7 /* iOSHackathon */,
			);
		};
/* End PBXProject section */

/* Begin PBXResourcesBuildPhase section */
		A23F51EA227D2AAB00C729C7 /* Resources */ = {
			isa = PBXResourcesBuildPhase;
			buildActionMask = 2147483647;
			files = (
				7B8E4E49227D42D0001F9C2F /* Customer.storyboard in Resources */,
				A23F51FA227D2AAF00C729C7 /* LaunchScreen.storyboard in Resources */,
				A23F51F7227D2AAF00C729C7 /* Assets.xcassets in Resources */,
				7B8E4E47227D42CA001F9C2F /* Business.storyboard in Resources */,
				A23F51F5227D2AAB00C729C7 /* Main.storyboard in Resources */,
			);
			runOnlyForDeploymentPostprocessing = 0;
		};
/* End PBXResourcesBuildPhase section */

/* Begin PBXSourcesBuildPhase section */
		A23F51E8227D2AAB00C729C7 /* Sources */ = {
			isa = PBXSourcesBuildPhase;
			buildActionMask = 2147483647;
			files = (
				10082B28227D539D002C8D56 /* BusinessMapViewController.swift in Sources */,
				7B8E4E5E227DE8C8001F9C2F /* MainViewController.swift in Sources */,
				7B8E4E62227DE925001F9C2F /* AddEditBusinessRequestViewController.swift in Sources */,
				10082B2A227D5E5D002C8D56 /* Extensions.swift in Sources */,
				A23F520B227D502400C729C7 /* Business.swift in Sources */,
				7B8E4E60227DE913001F9C2F /* BusinessOfferDetailViewController.swift in Sources */,
				7B8E4E5C227D6182001F9C2F /* BusinessSettingsViewController.swift in Sources */,
				7B8E4E5A227D6167001F9C2F /* BusinessRespondToRequestViewController.swift in Sources */,
				A23F520D227D549000C729C7 /* BusinessLoginViewController.swift in Sources */,
				A23F51F0227D2AAB00C729C7 /* AppDelegate.swift in Sources */,
				7B8E4E50227D4EB1001F9C2F /* BusinessOffersViewController.swift in Sources */,
				7B8E4E54227D53DE001F9C2F /* BusinessRequestsViewController.swift in Sources */,
				7B8E4E52227D501D001F9C2F /* AddEditBusinessOfferViewController.swift in Sources */,
				A23F5213227DDC3200C729C7 /* Offer.swift in Sources */,
				A23F520B227D502400C729C7 /* Business.swift in Sources */,
				A23F5211227DB33A00C729C7 /* OffersRepresentations.swift in Sources */,
				A23F51F0227D2AAB00C729C7 /* AppDelegate.swift in Sources */,
				A23F5215227DE13700C729C7 /* Request.swift in Sources */,
				10082B2E227E187E002C8D56 /* Enums.swift in Sources */,
			);
			runOnlyForDeploymentPostprocessing = 0;
		};
/* End PBXSourcesBuildPhase section */

/* Begin PBXVariantGroup section */
		A23F51F3227D2AAB00C729C7 /* Main.storyboard */ = {
			isa = PBXVariantGroup;
			children = (
				A23F51F4227D2AAB00C729C7 /* Base */,
			);
			name = Main.storyboard;
			sourceTree = "<group>";
		};
		A23F51F8227D2AAF00C729C7 /* LaunchScreen.storyboard */ = {
			isa = PBXVariantGroup;
			children = (
				A23F51F9227D2AAF00C729C7 /* Base */,
			);
			name = LaunchScreen.storyboard;
			sourceTree = "<group>";
		};
/* End PBXVariantGroup section */

/* Begin XCBuildConfiguration section */
		A23F51FC227D2AAF00C729C7 /* Debug */ = {
			isa = XCBuildConfiguration;
			buildSettings = {
				ALWAYS_SEARCH_USER_PATHS = NO;
				CLANG_ANALYZER_NONNULL = YES;
				CLANG_ANALYZER_NUMBER_OBJECT_CONVERSION = YES_AGGRESSIVE;
				CLANG_CXX_LANGUAGE_STANDARD = "gnu++14";
				CLANG_CXX_LIBRARY = "libc++";
				CLANG_ENABLE_MODULES = YES;
				CLANG_ENABLE_OBJC_ARC = YES;
				CLANG_ENABLE_OBJC_WEAK = YES;
				CLANG_WARN_BLOCK_CAPTURE_AUTORELEASING = YES;
				CLANG_WARN_BOOL_CONVERSION = YES;
				CLANG_WARN_COMMA = YES;
				CLANG_WARN_CONSTANT_CONVERSION = YES;
				CLANG_WARN_DEPRECATED_OBJC_IMPLEMENTATIONS = YES;
				CLANG_WARN_DIRECT_OBJC_ISA_USAGE = YES_ERROR;
				CLANG_WARN_DOCUMENTATION_COMMENTS = YES;
				CLANG_WARN_EMPTY_BODY = YES;
				CLANG_WARN_ENUM_CONVERSION = YES;
				CLANG_WARN_INFINITE_RECURSION = YES;
				CLANG_WARN_INT_CONVERSION = YES;
				CLANG_WARN_NON_LITERAL_NULL_CONVERSION = YES;
				CLANG_WARN_OBJC_IMPLICIT_RETAIN_SELF = YES;
				CLANG_WARN_OBJC_LITERAL_CONVERSION = YES;
				CLANG_WARN_OBJC_ROOT_CLASS = YES_ERROR;
				CLANG_WARN_RANGE_LOOP_ANALYSIS = YES;
				CLANG_WARN_STRICT_PROTOTYPES = YES;
				CLANG_WARN_SUSPICIOUS_MOVE = YES;
				CLANG_WARN_UNGUARDED_AVAILABILITY = YES_AGGRESSIVE;
				CLANG_WARN_UNREACHABLE_CODE = YES;
				CLANG_WARN__DUPLICATE_METHOD_MATCH = YES;
				CODE_SIGN_IDENTITY = "iPhone Developer";
				COPY_PHASE_STRIP = NO;
				DEBUG_INFORMATION_FORMAT = dwarf;
				ENABLE_STRICT_OBJC_MSGSEND = YES;
				ENABLE_TESTABILITY = YES;
				GCC_C_LANGUAGE_STANDARD = gnu11;
				GCC_DYNAMIC_NO_PIC = NO;
				GCC_NO_COMMON_BLOCKS = YES;
				GCC_OPTIMIZATION_LEVEL = 0;
				GCC_PREPROCESSOR_DEFINITIONS = (
					"DEBUG=1",
					"$(inherited)",
				);
				GCC_WARN_64_TO_32_BIT_CONVERSION = YES;
				GCC_WARN_ABOUT_RETURN_TYPE = YES_ERROR;
				GCC_WARN_UNDECLARED_SELECTOR = YES;
				GCC_WARN_UNINITIALIZED_AUTOS = YES_AGGRESSIVE;
				GCC_WARN_UNUSED_FUNCTION = YES;
				GCC_WARN_UNUSED_VARIABLE = YES;
				IPHONEOS_DEPLOYMENT_TARGET = 12.2;
				MTL_ENABLE_DEBUG_INFO = INCLUDE_SOURCE;
				MTL_FAST_MATH = YES;
				ONLY_ACTIVE_ARCH = YES;
				SDKROOT = iphoneos;
				SWIFT_ACTIVE_COMPILATION_CONDITIONS = DEBUG;
				SWIFT_OPTIMIZATION_LEVEL = "-Onone";
			};
			name = Debug;
		};
		A23F51FD227D2AAF00C729C7 /* Release */ = {
			isa = XCBuildConfiguration;
			buildSettings = {
				ALWAYS_SEARCH_USER_PATHS = NO;
				CLANG_ANALYZER_NONNULL = YES;
				CLANG_ANALYZER_NUMBER_OBJECT_CONVERSION = YES_AGGRESSIVE;
				CLANG_CXX_LANGUAGE_STANDARD = "gnu++14";
				CLANG_CXX_LIBRARY = "libc++";
				CLANG_ENABLE_MODULES = YES;
				CLANG_ENABLE_OBJC_ARC = YES;
				CLANG_ENABLE_OBJC_WEAK = YES;
				CLANG_WARN_BLOCK_CAPTURE_AUTORELEASING = YES;
				CLANG_WARN_BOOL_CONVERSION = YES;
				CLANG_WARN_COMMA = YES;
				CLANG_WARN_CONSTANT_CONVERSION = YES;
				CLANG_WARN_DEPRECATED_OBJC_IMPLEMENTATIONS = YES;
				CLANG_WARN_DIRECT_OBJC_ISA_USAGE = YES_ERROR;
				CLANG_WARN_DOCUMENTATION_COMMENTS = YES;
				CLANG_WARN_EMPTY_BODY = YES;
				CLANG_WARN_ENUM_CONVERSION = YES;
				CLANG_WARN_INFINITE_RECURSION = YES;
				CLANG_WARN_INT_CONVERSION = YES;
				CLANG_WARN_NON_LITERAL_NULL_CONVERSION = YES;
				CLANG_WARN_OBJC_IMPLICIT_RETAIN_SELF = YES;
				CLANG_WARN_OBJC_LITERAL_CONVERSION = YES;
				CLANG_WARN_OBJC_ROOT_CLASS = YES_ERROR;
				CLANG_WARN_RANGE_LOOP_ANALYSIS = YES;
				CLANG_WARN_STRICT_PROTOTYPES = YES;
				CLANG_WARN_SUSPICIOUS_MOVE = YES;
				CLANG_WARN_UNGUARDED_AVAILABILITY = YES_AGGRESSIVE;
				CLANG_WARN_UNREACHABLE_CODE = YES;
				CLANG_WARN__DUPLICATE_METHOD_MATCH = YES;
				CODE_SIGN_IDENTITY = "iPhone Developer";
				COPY_PHASE_STRIP = NO;
				DEBUG_INFORMATION_FORMAT = "dwarf-with-dsym";
				ENABLE_NS_ASSERTIONS = NO;
				ENABLE_STRICT_OBJC_MSGSEND = YES;
				GCC_C_LANGUAGE_STANDARD = gnu11;
				GCC_NO_COMMON_BLOCKS = YES;
				GCC_WARN_64_TO_32_BIT_CONVERSION = YES;
				GCC_WARN_ABOUT_RETURN_TYPE = YES_ERROR;
				GCC_WARN_UNDECLARED_SELECTOR = YES;
				GCC_WARN_UNINITIALIZED_AUTOS = YES_AGGRESSIVE;
				GCC_WARN_UNUSED_FUNCTION = YES;
				GCC_WARN_UNUSED_VARIABLE = YES;
				IPHONEOS_DEPLOYMENT_TARGET = 12.2;
				MTL_ENABLE_DEBUG_INFO = NO;
				MTL_FAST_MATH = YES;
				SDKROOT = iphoneos;
				SWIFT_COMPILATION_MODE = wholemodule;
				SWIFT_OPTIMIZATION_LEVEL = "-O";
				VALIDATE_PRODUCT = YES;
			};
			name = Release;
		};
		A23F51FF227D2AAF00C729C7 /* Debug */ = {
			isa = XCBuildConfiguration;
			buildSettings = {
				ASSETCATALOG_COMPILER_APPICON_NAME = AppIcon;
				CODE_SIGN_STYLE = Automatic;
				DEVELOPMENT_TEAM = 3RPD3783PY;
				INFOPLIST_FILE = "$(SRCROOT)/iOSHackathon/Resources/Info.plist";
				LD_RUNPATH_SEARCH_PATHS = (
					"$(inherited)",
					"@executable_path/Frameworks",
				);
				PRODUCT_BUNDLE_IDENTIFIER = com.Xu.iOSHackathon;
				PRODUCT_NAME = "$(TARGET_NAME)";
				SWIFT_VERSION = 5.0;
				TARGETED_DEVICE_FAMILY = "1,2";
			};
			name = Debug;
		};
		A23F5200227D2AAF00C729C7 /* Release */ = {
			isa = XCBuildConfiguration;
			buildSettings = {
				ASSETCATALOG_COMPILER_APPICON_NAME = AppIcon;
				CODE_SIGN_STYLE = Automatic;
				DEVELOPMENT_TEAM = 3RPD3783PY;
				INFOPLIST_FILE = "$(SRCROOT)/iOSHackathon/Resources/Info.plist";
				LD_RUNPATH_SEARCH_PATHS = (
					"$(inherited)",
					"@executable_path/Frameworks",
				);
				PRODUCT_BUNDLE_IDENTIFIER = com.Xu.iOSHackathon;
				PRODUCT_NAME = "$(TARGET_NAME)";
				SWIFT_VERSION = 5.0;
				TARGETED_DEVICE_FAMILY = "1,2";
			};
			name = Release;
		};
/* End XCBuildConfiguration section */

/* Begin XCConfigurationList section */
		A23F51E7227D2AAB00C729C7 /* Build configuration list for PBXProject "iOSHackathon" */ = {
			isa = XCConfigurationList;
			buildConfigurations = (
				A23F51FC227D2AAF00C729C7 /* Debug */,
				A23F51FD227D2AAF00C729C7 /* Release */,
			);
			defaultConfigurationIsVisible = 0;
			defaultConfigurationName = Release;
		};
		A23F51FE227D2AAF00C729C7 /* Build configuration list for PBXNativeTarget "iOSHackathon" */ = {
			isa = XCConfigurationList;
			buildConfigurations = (
				A23F51FF227D2AAF00C729C7 /* Debug */,
				A23F5200227D2AAF00C729C7 /* Release */,
			);
			defaultConfigurationIsVisible = 0;
			defaultConfigurationName = Release;
		};
/* End XCConfigurationList section */
	};
	rootObject = A23F51E4227D2AAB00C729C7 /* Project object */;
}
